
Microsoft Visual Studio Solution File, Format Version 12.00
# Visual Studio Version 16
VisualStudioVersion = 16.0.30804.86
MinimumVisualStudioVersion = 10.0.40219.1
Project("{9A19103F-16F7-4668-BE54-9A1E7A4F7556}") = "methods", "methods\methods.csproj", "{60E89DE8-8AF2-469F-8E55-69011898AA7C}"
EndProject
Project("{9A19103F-16F7-4668-BE54-9A1E7A4F7556}") = "Maths", "Maths\Maths.csproj", "{15D51939-A521-4690-A825-9626E1A79220}"
EndProject
Project("{FAE04EC0-301F-11D3-BF4B-00C04F79EFBC}") = "DegerVeReferansTıpler", "DegerVeReferansTıpler\DegerVeReferansTıpler.csproj", "{2A4A9662-E171-4BE0-BB03-44A8DF138DF7}"
EndProject
Global
	GlobalSection(SolutionConfigurationPlatforms) = preSolution
		Debug|Any CPU = Debug|Any CPU
		Release|Any CPU = Release|Any CPU
	EndGlobalSection
	GlobalSection(ProjectConfigurationPlatforms) = postSolution
		{60E89DE8-8AF2-469F-8E55-69011898AA7C}.Debug|Any CPU.ActiveCfg = Debug|Any CPU
		{60E89DE8-8AF2-469F-8E55-69011898AA7C}.Debug|Any CPU.Build.0 = Debug|Any CPU
		{60E89DE8-8AF2-469F-8E55-69011898AA7C}.Release|Any CPU.ActiveCfg = Release|Any CPU
		{60E89DE8-8AF2-469F-8E55-69011898AA7C}.Release|Any CPU.Build.0 = Release|Any CPU
		{15D51939-A521-4690-A825-9626E1A79220}.Debug|Any CPU.ActiveCfg = Debug|Any CPU
		{15D51939-A521-4690-A825-9626E1A79220}.Debug|Any CPU.Build.0 = Debug|Any CPU
		{15D51939-A521-4690-A825-9626E1A79220}.Release|Any CPU.ActiveCfg = Release|Any CPU
		{15D51939-A521-4690-A825-9626E1A79220}.Release|Any CPU.Build.0 = Release|Any CPU
		{2A4A9662-E171-4BE0-BB03-44A8DF138DF7}.Debug|Any CPU.ActiveCfg = Debug|Any CPU
		{2A4A9662-E171-4BE0-BB03-44A8DF138DF7}.Debug|Any CPU.Build.0 = Debug|Any CPU
		{2A4A9662-E171-4BE0-BB03-44A8DF138DF7}.Release|Any CPU.ActiveCfg = Release|Any CPU
		{2A4A9662-E171-4BE0-BB03-44A8DF138DF7}.Release|Any CPU.Build.0 = Release|Any CPU
	EndGlobalSection
	GlobalSection(SolutionProperties) = preSolution
		HideSolutionNode = FALSE
	EndGlobalSection
	GlobalSection(ExtensibilityGlobals) = postSolution
		SolutionGuid = {3ED63C55-1CC3-489E-AC9F-5C87A1418957}
	EndGlobalSection
EndGlobal
